Microsoft Visual Studio Solution File, Format Version 12.00
# Visual Studio Version 17
VisualStudioVersion = 17.5.2.0
MinimumVisualStudioVersion = 10.0.40219.1
Project("{FAE04EC0-301F-11D3-BF4B-00C04F79EFBC}") = "MyBlazorNFT", "MyBlazorNFT.csproj", "{B0F0DEF7-6BB9-1D55-19BD-04D9FA5380EF}"
EndProject
Global
	GlobalSection(SolutionConfigurationPlatforms) = preSolution
		Debug|Any CPU = Debug|Any CPU
		Release|Any CPU = Release|Any CPU
	EndGlobalSection
	GlobalSection(ProjectConfigurationPlatforms) = postSolution
		{B0F0DEF7-6BB9-1D55-19BD-04D9FA5380EF}.Debug|Any CPU.ActiveCfg = Debug|Any CPU
		{B0F0DEF7-6BB9-1D55-19BD-04D9FA5380EF}.Debug|Any CPU.Build.0 = Debug|Any CPU
		{B0F0DEF7-6BB9-1D55-19BD-04D9FA5380EF}.Release|Any CPU.ActiveCfg = Release|Any CPU
		{B0F0DEF7-6BB9-1D55-19BD-04D9FA5380EF}.Release|Any CPU.Build.0 = Release|Any CPU
	EndGlobalSection
	GlobalSection(SolutionProperties) = preSolution
		HideSolutionNode = FALSE
	EndGlobalSection
	GlobalSection(ExtensibilityGlobals) = postSolution
		SolutionGuid = {C65E1E02-E01C-4499-AAE7-B90867A1FB09}
	EndGlobalSection
EndGlobal
